
Microsoft Visual Studio Solution File, Format Version 12.00
# Visual Studio Version 17
VisualStudioVersion = 17.1.32421.90
MinimumVisualStudioVersion = 10.0.40219.1
Project("{FAE04EC0-301F-11D3-BF4B-00C04F79EFBC}") = "NetworkPainter", "NetworkPainter\NetworkPainter.csproj", "{951D3B74-CCC9-48E9-9CAB-A1D9797A1953}"
EndProject
Global
	GlobalSection(SolutionConfigurationPlatforms) = preSolution
		Debug|Any CPU = Debug|Any CPU
		Release|Any CPU = Release|Any CPU
	EndGlobalSection
	GlobalSection(ProjectConfigurationPlatforms) = postSolution
		{951D3B74-CCC9-48E9-9CAB-A1D9797A1953}.Debug|Any CPU.ActiveCfg = Debug|Any CPU
		{951D3B74-CCC9-48E9-9CAB-A1D9797A1953}.Debug|Any CPU.Build.0 = Debug|Any CPU
		{951D3B74-CCC9-48E9-9CAB-A1D9797A1953}.Release|Any CPU.ActiveCfg = Release|Any CPU
		{951D3B74-CCC9-48E9-9CAB-A1D9797A1953}.Release|Any CPU.Build.0 = Release|Any CPU
	EndGlobalSection
	GlobalSection(SolutionProperties) = preSolution
		HideSolutionNode = FALSE
	EndGlobalSection
	GlobalSection(ExtensibilityGlobals) = postSolution
		SolutionGuid = {D3473A76-46D3-4ACE-9DE9-A6BE23870FB9}
	EndGlobalSection
EndGlobal
